
Microsoft Visual Studio Solution File, Format Version 12.00
# Visual Studio 15
VisualStudioVersion = 15.0.28307.421
MinimumVisualStudioVersion = 10.0.40219.1
Project("{FAE04EC0-301F-11D3-BF4B-00C04F79EFBC}") = "SRP", "SOLID\SRP.csproj", "{1BFCAF57-4AD0-46CA-B807-365017CBFF2A}"
EndProject
Project("{2150E333-8FDC-42A3-9474-1A3956D46DE8}") = "SRP", "SRP", "{2D9E2A43-3724-4EC3-BE85-256B7B59E099}"
EndProject
Project("{FAE04EC0-301F-11D3-BF4B-00C04F79EFBC}") = "OSP", "OSP\OSP.csproj", "{8ABDB2DF-39CA-4BCE-A313-429F0B0CADD5}"
EndProject
Project("{2150E333-8FDC-42A3-9474-1A3956D46DE8}") = "NewFolder1", "NewFolder1", "{D397B810-20FB-4EA5-82C9-71AC950CF9C0}"
EndProject
Project("{2150E333-8FDC-42A3-9474-1A3956D46DE8}") = "OSP", "OSP", "{5E815DE0-C2B3-4180-BE01-3ABBE5EC56D9}"
EndProject
Project("{FAE04EC0-301F-11D3-BF4B-00C04F79EFBC}") = "LSP", "LSP\LSP\LSP.csproj", "{11297F82-6F20-473B-AFCC-2E0BA441497F}"
EndProject
Global
	GlobalSection(SolutionConfigurationPlatforms) = preSolution
		Debug|Any CPU = Debug|Any CPU
		Release|Any CPU = Release|Any CPU
	EndGlobalSection
	GlobalSection(ProjectConfigurationPlatforms) = postSolution
		{1BFCAF57-4AD0-46CA-B807-365017CBFF2A}.Debug|Any CPU.ActiveCfg = Debug|Any CPU
		{1BFCAF57-4AD0-46CA-B807-365017CBFF2A}.Debug|Any CPU.Build.0 = Debug|Any CPU
		{1BFCAF57-4AD0-46CA-B807-365017CBFF2A}.Release|Any CPU.ActiveCfg = Release|Any CPU
		{1BFCAF57-4AD0-46CA-B807-365017CBFF2A}.Release|Any CPU.Build.0 = Release|Any CPU
		{8ABDB2DF-39CA-4BCE-A313-429F0B0CADD5}.Debug|Any CPU.ActiveCfg = Debug|Any CPU
		{8ABDB2DF-39CA-4BCE-A313-429F0B0CADD5}.Debug|Any CPU.Build.0 = Debug|Any CPU
		{8ABDB2DF-39CA-4BCE-A313-429F0B0CADD5}.Release|Any CPU.ActiveCfg = Release|Any CPU
		{8ABDB2DF-39CA-4BCE-A313-429F0B0CADD5}.Release|Any CPU.Build.0 = Release|Any CPU
		{11297F82-6F20-473B-AFCC-2E0BA441497F}.Debug|Any CPU.ActiveCfg = Debug|Any CPU
		{11297F82-6F20-473B-AFCC-2E0BA441497F}.Debug|Any CPU.Build.0 = Debug|Any CPU
		{11297F82-6F20-473B-AFCC-2E0BA441497F}.Release|Any CPU.ActiveCfg = Release|Any CPU
		{11297F82-6F20-473B-AFCC-2E0BA441497F}.Release|Any CPU.Build.0 = Release|Any CPU
	EndGlobalSection
	GlobalSection(SolutionProperties) = preSolution
		HideSolutionNode = FALSE
	EndGlobalSection
	GlobalSection(NestedProjects) = preSolution
		{1BFCAF57-4AD0-46CA-B807-365017CBFF2A} = {2D9E2A43-3724-4EC3-BE85-256B7B59E099}
		{8ABDB2DF-39CA-4BCE-A313-429F0B0CADD5} = {5E815DE0-C2B3-4180-BE01-3ABBE5EC56D9}
	EndGlobalSection
	GlobalSection(ExtensibilityGlobals) = postSolution
		SolutionGuid = {CD054717-7243-4D18-BFDD-ADE386979D43}
	EndGlobalSection
EndGlobal
